<Solution>
  <Folder Name="/src/">
    <Project Path="src/MercadoPreso.Api/MercadoPreso.Api.csproj" />
    <Project Path="src/MercadoPreso.Test/MercadoPreso.Test.csproj" />
  </Folder>
  <Folder Name="/src/Common/">
    <Project Path="src/Common/Common.Application/Common.Application.csproj" />
    <Project Path="src/Common/Common.Domain/Common.Domain.csproj" />
    <Project Path="src/Common/Common.Infrastructure/Common.Infrastructure.csproj" />
  </Folder>
  <Folder Name="/src/Modules/" />
  <Folder Name="/src/Modules/Catalog/">
    <Project Path="src/Modules/Catalog/Modules.Catalog.Application/Modules.Catalog.Application.csproj" />
    <Project Path="src/Modules/Catalog/Modules.Catalog.Domain/Modules.Catalog.Domain.csproj" />
    <Project Path="src/Modules/Catalog/Modules.Catalog.Infrastructure/Modules.Catalog.Infrastructure.csproj" />
  </Folder>
</Solution>
