<Solution>
  <Folder Name="/src/">
    <Project Path="src/MercadoPreso.Api/MercadoPreso.Api.csproj" />
    <Project Path="src/MercadoPreso.Gateway/MercadoPreso.Gateway.csproj" />
    <Project Path="src/MercadoPreso.SSO/MercadoPreso.SSO.csproj" />
  </Folder>
  <Folder Name="/src/Common/">
    <Project Path="src/Common/Common.Domain/Common.Domain.csproj" />
  </Folder>
  <Folder Name="/src/Modules/" />
  <Folder Name="/src/Modules/Catalog/">
    <Project Path="src/Modules/Catalog/Modules.Catalog.Domain/Modules.Catalog.Domain.csproj" />
  </Folder>
</Solution>
